// !$*UTF8*$!
{
	archiveVersion = 1;
	classes = {
	};
	objectVersion = 50;
	objects = {

/* Begin PBXBuildFile section */
		9266F87921C7A2E300E93FA3 /* PWTableView.h in CopyFiles */ = {isa = PBXBuildFile; fileRef = 9266F87521C79B1F00E93FA3 /* PWTableView.h */; };
		9266F89421C7A4DF00E93FA3 /* PWPagingTableView.m in Sources */ = {isa = PBXBuildFile; fileRef = 9266F88321C7A4DF00E93FA3 /* PWPagingTableView.m */; };
		9266F89521C7A4DF00E93FA3 /* PWPagingADTableView.m in Sources */ = {isa = PBXBuildFile; fileRef = 9266F88421C7A4DF00E93FA3 /* PWPagingADTableView.m */; };
		9266F89621C7A4DF00E93FA3 /* PWPagingTableViewTools.m in Sources */ = {isa = PBXBuildFile; fileRef = 9266F88521C7A4DF00E93FA3 /* PWPagingTableViewTools.m */; };
		9266F89721C7A4DF00E93FA3 /* PWSingleCellServiceCell.m in Sources */ = {isa = PBXBuildFile; fileRef = 9266F88A21C7A4DF00E93FA3 /* PWSingleCellServiceCell.m */; };
		9266F89821C7A4DF00E93FA3 /* PWSingleCellService.m in Sources */ = {isa = PBXBuildFile; fileRef = 9266F88B21C7A4DF00E93FA3 /* PWSingleCellService.m */; };
		9266F89921C7A4DF00E93FA3 /* PWSingleCellServiceBridge.m in Sources */ = {isa = PBXBuildFile; fileRef = 9266F88C21C7A4DF00E93FA3 /* PWSingleCellServiceBridge.m */; };
		9266F89A21C7A4DF00E93FA3 /* PWPagingTableViewSingleService.m in Sources */ = {isa = PBXBuildFile; fileRef = 9266F89021C7A4DF00E93FA3 /* PWPagingTableViewSingleService.m */; };
		9266F89B21C7A4DF00E93FA3 /* PWPagingTableViewService.m in Sources */ = {isa = PBXBuildFile; fileRef = 9266F89321C7A4DF00E93FA3 /* PWPagingTableViewService.m */; };
		9266F89C21C7A4E800E93FA3 /* PWPagingTableViewSingleService.h in CopyFiles */ = {isa = PBXBuildFile; fileRef = 9266F88221C7A4DF00E93FA3 /* PWPagingTableViewSingleService.h */; };
		9266F89D21C7A4E800E93FA3 /* PWPagingTableViewService.h in CopyFiles */ = {isa = PBXBuildFile; fileRef = 9266F88621C7A4DF00E93FA3 /* PWPagingTableViewService.h */; };
		9266F89E21C7A4E800E93FA3 /* PWSingleCellService.h in CopyFiles */ = {isa = PBXBuildFile; fileRef = 9266F88821C7A4DF00E93FA3 /* PWSingleCellService.h */; };
		9266F89F21C7A4E800E93FA3 /* PWSingleCellServiceBridge.h in CopyFiles */ = {isa = PBXBuildFile; fileRef = 9266F88921C7A4DF00E93FA3 /* PWSingleCellServiceBridge.h */; };
		9266F8A021C7A4E800E93FA3 /* PWSingleCellServiceCell.h in CopyFiles */ = {isa = PBXBuildFile; fileRef = 9266F88E21C7A4DF00E93FA3 /* PWSingleCellServiceCell.h */; };
		9266F8A121C7A4E800E93FA3 /* PWPagingTableView.h in CopyFiles */ = {isa = PBXBuildFile; fileRef = 9266F88F21C7A4DF00E93FA3 /* PWPagingTableView.h */; };
		9266F8A221C7A4E800E93FA3 /* PWPagingTableViewTools.h in CopyFiles */ = {isa = PBXBuildFile; fileRef = 9266F89121C7A4DF00E93FA3 /* PWPagingTableViewTools.h */; };
		9266F8A321C7A4E800E93FA3 /* PWPagingADTableView.h in CopyFiles */ = {isa = PBXBuildFile; fileRef = 9266F89221C7A4DF00E93FA3 /* PWPagingADTableView.h */; };
		D0DD5529073C2D1A09FDD34B /* libPods-PWPagingTableView.a in Frameworks */ = {isa = PBXBuildFile; fileRef = FAF6F1950C7758F0342166D9 /* libPods-PWPagingTableView.a */; };
/* End PBXBuildFile section */

/* Begin PBXCopyFilesBuildPhase section */
		9266F85321C7999500E93FA3 /* CopyFiles */ = {
			isa = PBXCopyFilesBuildPhase;
			buildActionMask = 2147483647;
			dstPath = "include/$(PRODUCT_NAME)";
			dstSubfolderSpec = 16;
			files = (
				9266F89C21C7A4E800E93FA3 /* PWPagingTableViewSingleService.h in CopyFiles */,
				9266F89D21C7A4E800E93FA3 /* PWPagingTableViewService.h in CopyFiles */,
				9266F89E21C7A4E800E93FA3 /* PWSingleCellService.h in CopyFiles */,
				9266F89F21C7A4E800E93FA3 /* PWSingleCellServiceBridge.h in CopyFiles */,
				9266F8A021C7A4E800E93FA3 /* PWSingleCellServiceCell.h in CopyFiles */,
				9266F8A121C7A4E800E93FA3 /* PWPagingTableView.h in CopyFiles */,
				9266F8A221C7A4E800E93FA3 /* PWPagingTableViewTools.h in CopyFiles */,
				9266F8A321C7A4E800E93FA3 /* PWPagingADTableView.h in CopyFiles */,
				9266F87921C7A2E300E93FA3 /* PWTableView.h in CopyFiles */,
			);
			runOnlyForDeploymentPostprocessing = 0;
		};
/* End PBXCopyFilesBuildPhase section */

/* Begin PBXFileReference section */
		75805E780661519C1C5AAD3C /* Pods-PWPagingTableView.debug.xcconfig */ = {isa = PBXFileReference; includeInIndex = 1; lastKnownFileType = text.xcconfig; name = "Pods-PWPagingTableView.debug.xcconfig"; path = "Target Support Files/Pods-PWPagingTableView/Pods-PWPagingTableView.debug.xcconfig"; sourceTree = "<group>"; };
		9266F85521C7999500E93FA3 /* libPWPagingTableView.a */ = {isa = PBXFileReference; explicitFileType = archive.ar; includeInIndex = 0; path = libPWPagingTableView.a; sourceTree = BUILT_PRODUCTS_DIR; };
		9266F87521C79B1F00E93FA3 /* PWTableView.h */ = {isa = PBXFileReference; fileEncoding = 4; lastKnownFileType = sourcecode.c.h; path = PWTableView.h; sourceTree = "<group>"; };
		9266F88221C7A4DF00E93FA3 /* PWPagingTableViewSingleService.h */ = {isa = PBXFileReference; fileEncoding = 4; lastKnownFileType = sourcecode.c.h; path = PWPagingTableViewSingleService.h; sourceTree = "<group>"; };
		9266F88321C7A4DF00E93FA3 /* PWPagingTableView.m */ = {isa = PBXFileReference; fileEncoding = 4; lastKnownFileType = sourcecode.c.objc; path = PWPagingTableView.m; sourceTree = "<group>"; };
		9266F88421C7A4DF00E93FA3 /* PWPagingADTableView.m */ = {isa = PBXFileReference; fileEncoding = 4; lastKnownFileType = sourcecode.c.objc; path = PWPagingADTableView.m; sourceTree = "<group>"; };
		9266F88521C7A4DF00E93FA3 /* PWPagingTableViewTools.m */ = {isa = PBXFileReference; fileEncoding = 4; lastKnownFileType = sourcecode.c.objc; path = PWPagingTableViewTools.m; sourceTree = "<group>"; };
		9266F88621C7A4DF00E93FA3 /* PWPagingTableViewService.h */ = {isa = PBXFileReference; fileEncoding = 4; lastKnownFileType = sourcecode.c.h; path = PWPagingTableViewService.h; sourceTree = "<group>"; };
		9266F88821C7A4DF00E93FA3 /* PWSingleCellService.h */ = {isa = PBXFileReference; fileEncoding = 4; lastKnownFileType = sourcecode.c.h; path = PWSingleCellService.h; sourceTree = "<group>"; };
		9266F88921C7A4DF00E93FA3 /* PWSingleCellServiceBridge.h */ = {isa = PBXFileReference; fileEncoding = 4; lastKnownFileType = sourcecode.c.h; path = PWSingleCellServiceBridge.h; sourceTree = "<group>"; };
		9266F88A21C7A4DF00E93FA3 /* PWSingleCellServiceCell.m */ = {isa = PBXFileReference; fileEncoding = 4; lastKnownFileType = sourcecode.c.objc; path = PWSingleCellServiceCell.m; sourceTree = "<group>"; };
		9266F88B21C7A4DF00E93FA3 /* PWSingleCellService.m */ = {isa = PBXFileReference; fileEncoding = 4; lastKnownFileType = sourcecode.c.objc; path = PWSingleCellService.m; sourceTree = "<group>"; };
		9266F88C21C7A4DF00E93FA3 /* PWSingleCellServiceBridge.m */ = {isa = PBXFileReference; fileEncoding = 4; lastKnownFileType = sourcecode.c.objc; path = PWSingleCellServiceBridge.m; sourceTree = "<group>"; };
		9266F88D21C7A4DF00E93FA3 /* PWSingleCellServiceCell.xib */ = {isa = PBXFileReference; fileEncoding = 4; lastKnownFileType = file.xib; path = PWSingleCellServiceCell.xib; sourceTree = "<group>"; };
		9266F88E21C7A4DF00E93FA3 /* PWSingleCellServiceCell.h */ = {isa = PBXFileReference; fileEncoding = 4; lastKnownFileType = sourcecode.c.h; path = PWSingleCellServiceCell.h; sourceTree = "<group>"; };
		9266F88F21C7A4DF00E93FA3 /* PWPagingTableView.h */ = {isa = PBXFileReference; fileEncoding = 4; lastKnownFileType = sourcecode.c.h; path = PWPagingTableView.h; sourceTree = "<group>"; };
		9266F89021C7A4DF00E93FA3 /* PWPagingTableViewSingleService.m */ = {isa = PBXFileReference; fileEncoding = 4; lastKnownFileType = sourcecode.c.objc; path = PWPagingTableViewSingleService.m; sourceTree = "<group>"; };
		9266F89121C7A4DF00E93FA3 /* PWPagingTableViewTools.h */ = {isa = PBXFileReference; fileEncoding = 4; lastKnownFileType = sourcecode.c.h; path = PWPagingTableViewTools.h; sourceTree = "<group>"; };
		9266F89221C7A4DF00E93FA3 /* PWPagingADTableView.h */ = {isa = PBXFileReference; fileEncoding = 4; lastKnownFileType = sourcecode.c.h; path = PWPagingADTableView.h; sourceTree = "<group>"; };
		9266F89321C7A4DF00E93FA3 /* PWPagingTableViewService.m */ = {isa = PBXFileReference; fileEncoding = 4; lastKnownFileType = sourcecode.c.objc; path = PWPagingTableViewService.m; sourceTree = "<group>"; };
		D05FF5C96CC51A112959F0A2 /* Pods-PWPagingTableView.release.xcconfig */ = {isa = PBXFileReference; includeInIndex = 1; lastKnownFileType = text.xcconfig; name = "Pods-PWPagingTableView.release.xcconfig"; path = "Target Support Files/Pods-PWPagingTableView/Pods-PWPagingTableView.release.xcconfig"; sourceTree = "<group>"; };
		FAF6F1950C7758F0342166D9 /* libPods-PWPagingTableView.a */ = {isa = PBXFileReference; explicitFileType = archive.ar; includeInIndex = 0; path = "libPods-PWPagingTableView.a"; sourceTree = BUILT_PRODUCTS_DIR; };
/* End PBXFileReference section */

/* Begin PBXFrameworksBuildPhase section */
		9266F85221C7999500E93FA3 /* Frameworks */ = {
			isa = PBXFrameworksBuildPhase;
			buildActionMask = 2147483647;
			files = (
				D0DD5529073C2D1A09FDD34B /* libPods-PWPagingTableView.a in Frameworks */,
			);
			runOnlyForDeploymentPostprocessing = 0;
		};
/* End PBXFrameworksBuildPhase section */

/* Begin PBXGroup section */
		1AB29DE3886607F1C340C544 /* Pods */ = {
			isa = PBXGroup;
			children = (
				75805E780661519C1C5AAD3C /* Pods-PWPagingTableView.debug.xcconfig */,
				D05FF5C96CC51A112959F0A2 /* Pods-PWPagingTableView.release.xcconfig */,
			);
			path = Pods;
			sourceTree = "<group>";
		};
		9266F84C21C7999400E93FA3 = {
			isa = PBXGroup;
			children = (
				9266F85721C7999500E93FA3 /* PWPagingTableView */,
				9266F85621C7999500E93FA3 /* Products */,
				1AB29DE3886607F1C340C544 /* Pods */,
				F72B756298451E902B22C9A4 /* Frameworks */,
			);
			sourceTree = "<group>";
		};
		9266F85621C7999500E93FA3 /* Products */ = {
			isa = PBXGroup;
			children = (
				9266F85521C7999500E93FA3 /* libPWPagingTableView.a */,
			);
			name = Products;
			sourceTree = "<group>";
		};
		9266F85721C7999500E93FA3 /* PWPagingTableView */ = {
			isa = PBXGroup;
			children = (
				9266F88121C7A4DF00E93FA3 /* PWPagingTableView */,
				9266F87521C79B1F00E93FA3 /* PWTableView.h */,
			);
			path = PWPagingTableView;
			sourceTree = "<group>";
		};
		9266F88121C7A4DF00E93FA3 /* PWPagingTableView */ = {
			isa = PBXGroup;
			children = (
				9266F88221C7A4DF00E93FA3 /* PWPagingTableViewSingleService.h */,
				9266F88321C7A4DF00E93FA3 /* PWPagingTableView.m */,
				9266F88421C7A4DF00E93FA3 /* PWPagingADTableView.m */,
				9266F88521C7A4DF00E93FA3 /* PWPagingTableViewTools.m */,
				9266F88621C7A4DF00E93FA3 /* PWPagingTableViewService.h */,
				9266F88721C7A4DF00E93FA3 /* PWSingleCellService */,
				9266F88F21C7A4DF00E93FA3 /* PWPagingTableView.h */,
				9266F89021C7A4DF00E93FA3 /* PWPagingTableViewSingleService.m */,
				9266F89121C7A4DF00E93FA3 /* PWPagingTableViewTools.h */,
				9266F89221C7A4DF00E93FA3 /* PWPagingADTableView.h */,
				9266F89321C7A4DF00E93FA3 /* PWPagingTableViewService.m */,
			);
			path = PWPagingTableView;
			sourceTree = "<group>";
		};
		9266F88721C7A4DF00E93FA3 /* PWSingleCellService */ = {
			isa = PBXGroup;
			children = (
				9266F88821C7A4DF00E93FA3 /* PWSingleCellService.h */,
				9266F88921C7A4DF00E93FA3 /* PWSingleCellServiceBridge.h */,
				9266F88A21C7A4DF00E93FA3 /* PWSingleCellServiceCell.m */,
				9266F88B21C7A4DF00E93FA3 /* PWSingleCellService.m */,
				9266F88C21C7A4DF00E93FA3 /* PWSingleCellServiceBridge.m */,
				9266F88D21C7A4DF00E93FA3 /* PWSingleCellServiceCell.xib */,
				9266F88E21C7A4DF00E93FA3 /* PWSingleCellServiceCell.h */,
			);
			path = PWSingleCellService;
			sourceTree = "<group>";
		};
		F72B756298451E902B22C9A4 /* Frameworks */ = {
			isa = PBXGroup;
			children = (
				FAF6F1950C7758F0342166D9 /* libPods-PWPagingTableView.a */,
			);
			name = Frameworks;
			sourceTree = "<group>";
		};
/* End PBXGroup section */

/* Begin PBXNativeTarget section */
		9266F85421C7999500E93FA3 /* PWPagingTableView */ = {
			isa = PBXNativeTarget;
			buildConfigurationList = 9266F85E21C7999500E93FA3 /* Build configuration list for PBXNativeTarget "PWPagingTableView" */;
			buildPhases = (
				CF30295C772D0A70E61EC164 /* [CP] Check Pods Manifest.lock */,
				9266F85121C7999500E93FA3 /* Sources */,
				9266F85221C7999500E93FA3 /* Frameworks */,
				9266F85321C7999500E93FA3 /* CopyFiles */,
			);
			buildRules = (
			);
			dependencies = (
			);
			name = PWPagingTableView;
			productName = PWPagingTableView;
			productReference = 9266F85521C7999500E93FA3 /* libPWPagingTableView.a */;
			productType = "com.apple.product-type.library.static";
		};
/* End PBXNativeTarget section */

/* Begin PBXProject section */
		9266F84D21C7999400E93FA3 /* Project object */ = {
			isa = PBXProject;
			attributes = {
				LastUpgradeCheck = 1010;
				ORGANIZATIONNAME = "peter wang";
				TargetAttributes = {
					9266F85421C7999500E93FA3 = {
						CreatedOnToolsVersion = 10.1;
					};
				};
			};
			buildConfigurationList = 9266F85021C7999400E93FA3 /* Build configuration list for PBXProject "PWPagingTableView" */;
			compatibilityVersion = "Xcode 9.3";
			developmentRegion = en;
			hasScannedForEncodings = 0;
			knownRegions = (
				en,
			);
			mainGroup = 9266F84C21C7999400E93FA3;
			productRefGroup = 9266F85621C7999500E93FA3 /* Products */;
			projectDirPath = "";
			projectRoot = "";
			targets = (
				9266F85421C7999500E93FA3 /* PWPagingTableView */,
			);
		};
/* End PBXProject section */

/* Begin PBXShellScriptBuildPhase section */
		CF30295C772D0A70E61EC164 /* [CP] Check Pods Manifest.lock */ = {
			isa = PBXShellScriptBuildPhase;
			buildActionMask = 2147483647;
			files = (
			);
			inputFileListPaths = (
			);
			inputPaths = (
				"${PODS_PODFILE_DIR_PATH}/Podfile.lock",
				"${PODS_ROOT}/Manifest.lock",
			);
			name = "[CP] Check Pods Manifest.lock";
			outputFileListPaths = (
			);
			outputPaths = (
				"$(DERIVED_FILE_DIR)/Pods-PWPagingTableView-checkManifestLockResult.txt",
			);
			runOnlyForDeploymentPostprocessing = 0;
			shellPath = /bin/sh;
			shellScript = "diff \"${PODS_PODFILE_DIR_PATH}/Podfile.lock\" \"${PODS_ROOT}/Manifest.lock\" > /dev/null\nif [ $? != 0 ] ; then\n    # print error to STDERR\n    echo \"error: The sandbox is not in sync with the Podfile.lock. Run 'pod install' or update your CocoaPods installation.\" >&2\n    exit 1\nfi\n# This output is used by Xcode 'outputs' to avoid re-running this script phase.\necho \"SUCCESS\" > \"${SCRIPT_OUTPUT_FILE_0}\"\n";
			showEnvVarsInLog = 0;
		};
/* End PBXShellScriptBuildPhase section */

/* Begin PBXSourcesBuildPhase section */
		9266F85121C7999500E93FA3 /* Sources */ = {
			isa = PBXSourcesBuildPhase;
			buildActionMask = 2147483647;
			files = (
				9266F89421C7A4DF00E93FA3 /* PWPagingTableView.m in Sources */,
				9266F89821C7A4DF00E93FA3 /* PWSingleCellService.m in Sources */,
				9266F89621C7A4DF00E93FA3 /* PWPagingTableViewTools.m in Sources */,
				9266F89A21C7A4DF00E93FA3 /* PWPagingTableViewSingleService.m in Sources */,
				9266F89721C7A4DF00E93FA3 /* PWSingleCellServiceCell.m in Sources */,
				9266F89521C7A4DF00E93FA3 /* PWPagingADTableView.m in Sources */,
				9266F89B21C7A4DF00E93FA3 /* PWPagingTableViewService.m in Sources */,
				9266F89921C7A4DF00E93FA3 /* PWSingleCellServiceBridge.m in Sources */,
			);
			runOnlyForDeploymentPostprocessing = 0;
		};
/* End PBXSourcesBuildPhase section */

/* Begin XCBuildConfiguration section */
		9266F85C21C7999500E93FA3 /* Debug */ = {
			isa = XCBuildConfiguration;
			buildSettings = {
				ALWAYS_SEARCH_USER_PATHS = NO;
				CLANG_ANALYZER_NONNULL = YES;
				CLANG_ANALYZER_NUMBER_OBJECT_CONVERSION = YES_AGGRESSIVE;
				CLANG_CXX_LANGUAGE_STANDARD = "gnu++14";
				CLANG_CXX_LIBRARY = "libc++";
				CLANG_ENABLE_MODULES = YES;
				CLANG_ENABLE_OBJC_ARC = YES;
				CLANG_ENABLE_OBJC_WEAK = YES;
				CLANG_WARN_BLOCK_CAPTURE_AUTORELEASING = YES;
				CLANG_WARN_BOOL_CONVERSION = YES;
				CLANG_WARN_COMMA = YES;
				CLANG_WARN_CONSTANT_CONVERSION = YES;
				CLANG_WARN_DEPRECATED_OBJC_IMPLEMENTATIONS = YES;
				CLANG_WARN_DIRECT_OBJC_ISA_USAGE = YES_ERROR;
				CLANG_WARN_DOCUMENTATION_COMMENTS = YES;
				CLANG_WARN_EMPTY_BODY = YES;
				CLANG_WARN_ENUM_CONVERSION = YES;
				CLANG_WARN_INFINITE_RECURSION = YES;
				CLANG_WARN_INT_CONVERSION = YES;
				CLANG_WARN_NON_LITERAL_NULL_CONVERSION = YES;
				CLANG_WARN_OBJC_IMPLICIT_RETAIN_SELF = YES;
				CLANG_WARN_OBJC_LITERAL_CONVERSION = YES;
				CLANG_WARN_OBJC_ROOT_CLASS = YES_ERROR;
				CLANG_WARN_RANGE_LOOP_ANALYSIS = YES;
				CLANG_WARN_STRICT_PROTOTYPES = YES;
				CLANG_WARN_SUSPICIOUS_MOVE = YES;
				CLANG_WARN_UNGUARDED_AVAILABILITY = YES_AGGRESSIVE;
				CLANG_WARN_UNREACHABLE_CODE = YES;
				CLANG_WARN__DUPLICATE_METHOD_MATCH = YES;
				CODE_SIGN_IDENTITY = "iPhone Developer";
				COPY_PHASE_STRIP = NO;
				DEBUG_INFORMATION_FORMAT = dwarf;
				ENABLE_STRICT_OBJC_MSGSEND = YES;
				ENABLE_TESTABILITY = YES;
				GCC_C_LANGUAGE_STANDARD = gnu11;
				GCC_DYNAMIC_NO_PIC = NO;
				GCC_NO_COMMON_BLOCKS = YES;
				GCC_OPTIMIZATION_LEVEL = 0;
				GCC_PREPROCESSOR_DEFINITIONS = (
					"DEBUG=1",
					"$(inherited)",
				);
				GCC_WARN_64_TO_32_BIT_CONVERSION = YES;
				GCC_WARN_ABOUT_RETURN_TYPE = YES_ERROR;
				GCC_WARN_UNDECLARED_SELECTOR = YES;
				GCC_WARN_UNINITIALIZED_AUTOS = YES_AGGRESSIVE;
				GCC_WARN_UNUSED_FUNCTION = YES;
				GCC_WARN_UNUSED_VARIABLE = YES;
				IPHONEOS_DEPLOYMENT_TARGET = 12.1;
				MTL_ENABLE_DEBUG_INFO = INCLUDE_SOURCE;
				MTL_FAST_MATH = YES;
				ONLY_ACTIVE_ARCH = YES;
				SDKROOT = iphoneos;
			};
			name = Debug;
		};
		9266F85D21C7999500E93FA3 /* Release */ = {
			isa = XCBuildConfiguration;
			buildSettings = {
				ALWAYS_SEARCH_USER_PATHS = NO;
				CLANG_ANALYZER_NONNULL = YES;
				CLANG_ANALYZER_NUMBER_OBJECT_CONVERSION = YES_AGGRESSIVE;
				CLANG_CXX_LANGUAGE_STANDARD = "gnu++14";
				CLANG_CXX_LIBRARY = "libc++";
				CLANG_ENABLE_MODULES = YES;
				CLANG_ENABLE_OBJC_ARC = YES;
				CLANG_ENABLE_OBJC_WEAK = YES;
				CLANG_WARN_BLOCK_CAPTURE_AUTORELEASING = YES;
				CLANG_WARN_BOOL_CONVERSION = YES;
				CLANG_WARN_COMMA = YES;
				CLANG_WARN_CONSTANT_CONVERSION = YES;
				CLANG_WARN_DEPRECATED_OBJC_IMPLEMENTATIONS = YES;
				CLANG_WARN_DIRECT_OBJC_ISA_USAGE = YES_ERROR;
				CLANG_WARN_DOCUMENTATION_COMMENTS = YES;
				CLANG_WARN_EMPTY_BODY = YES;
				CLANG_WARN_ENUM_CONVERSION = YES;
				CLANG_WARN_INFINITE_RECURSION = YES;
				CLANG_WARN_INT_CONVERSION = YES;
				CLANG_WARN_NON_LITERAL_NULL_CONVERSION = YES;
				CLANG_WARN_OBJC_IMPLICIT_RETAIN_SELF = YES;
				CLANG_WARN_OBJC_LITERAL_CONVERSION = YES;
				CLANG_WARN_OBJC_ROOT_CLASS = YES_ERROR;
				CLANG_WARN_RANGE_LOOP_ANALYSIS = YES;
				CLANG_WARN_STRICT_PROTOTYPES = YES;
				CLANG_WARN_SUSPICIOUS_MOVE = YES;
				CLANG_WARN_UNGUARDED_AVAILABILITY = YES_AGGRESSIVE;
				CLANG_WARN_UNREACHABLE_CODE = YES;
				CLANG_WARN__DUPLICATE_METHOD_MATCH = YES;
				CODE_SIGN_IDENTITY = "iPhone Developer";
				COPY_PHASE_STRIP = NO;
				DEBUG_INFORMATION_FORMAT = "dwarf-with-dsym";
				ENABLE_NS_ASSERTIONS = NO;
				ENABLE_STRICT_OBJC_MSGSEND = YES;
				GCC_C_LANGUAGE_STANDARD = gnu11;
				GCC_NO_COMMON_BLOCKS = YES;
				GCC_WARN_64_TO_32_BIT_CONVERSION = YES;
				GCC_WARN_ABOUT_RETURN_TYPE = YES_ERROR;
				GCC_WARN_UNDECLARED_SELECTOR = YES;
				GCC_WARN_UNINITIALIZED_AUTOS = YES_AGGRESSIVE;
				GCC_WARN_UNUSED_FUNCTION = YES;
				GCC_WARN_UNUSED_VARIABLE = YES;
				IPHONEOS_DEPLOYMENT_TARGET = 12.1;
				MTL_ENABLE_DEBUG_INFO = NO;
				MTL_FAST_MATH = YES;
				SDKROOT = iphoneos;
				VALIDATE_PRODUCT = YES;
			};
			name = Release;
		};
		9266F85F21C7999500E93FA3 /* Debug */ = {
			isa = XCBuildConfiguration;
			baseConfigurationReference = 75805E780661519C1C5AAD3C /* Pods-PWPagingTableView.debug.xcconfig */;
			buildSettings = {
				CODE_SIGN_STYLE = Automatic;
				OTHER_LDFLAGS = "-ObjC";
				PRODUCT_NAME = "$(TARGET_NAME)";
				SKIP_INSTALL = YES;
				TARGETED_DEVICE_FAMILY = "1,2";
			};
			name = Debug;
		};
		9266F86021C7999500E93FA3 /* Release */ = {
			isa = XCBuildConfiguration;
			baseConfigurationReference = D05FF5C96CC51A112959F0A2 /* Pods-PWPagingTableView.release.xcconfig */;
			buildSettings = {
				CODE_SIGN_STYLE = Automatic;
				OTHER_LDFLAGS = "-ObjC";
				PRODUCT_NAME = "$(TARGET_NAME)";
				SKIP_INSTALL = YES;
				TARGETED_DEVICE_FAMILY = "1,2";
			};
			name = Release;
		};
/* End XCBuildConfiguration section */

/* Begin XCConfigurationList section */
		9266F85021C7999400E93FA3 /* Build configuration list for PBXProject "PWPagingTableView" */ = {
			isa = XCConfigurationList;
			buildConfigurations = (
				9266F85C21C7999500E93FA3 /* Debug */,
				9266F85D21C7999500E93FA3 /* Release */,
			);
			defaultConfigurationIsVisible = 0;
			defaultConfigurationName = Release;
		};
		9266F85E21C7999500E93FA3 /* Build configuration list for PBXNativeTarget "PWPagingTableView" */ = {
			isa = XCConfigurationList;
			buildConfigurations = (
				9266F85F21C7999500E93FA3 /* Debug */,
				9266F86021C7999500E93FA3 /* Release */,
			);
			defaultConfigurationIsVisible = 0;
			defaultConfigurationName = Release;
		};
/* End XCConfigurationList section */
	};
	rootObject = 9266F84D21C7999400E93FA3 /* Project object */;
}
